<<<<<<< HEAD
﻿
Microsoft Visual Studio Solution File, Format Version 12.00
# Visual Studio 14
VisualStudioVersion = 14.0.25420.1
MinimumVisualStudioVersion = 10.0.40219.1
Project("{2150E333-8FDC-42A3-9474-1A3956D46DE8}") = "Api", "Api", "{F06A3AB5-EB07-4F09-8358-DB437B28ACE4}"
EndProject
Project("{FAE04EC0-301F-11D3-BF4B-00C04F79EFBC}") = "Werewolves", "Werewolves\Werewolves.csproj", "{B257433E-8C72-4A5C-81DD-E06A1A13F401}"
EndProject
Project("{2150E333-8FDC-42A3-9474-1A3956D46DE8}") = "Common", "Common", "{EEF65236-C7BA-486D-9016-1EF11DDB0447}"
EndProject
Project("{FAE04EC0-301F-11D3-BF4B-00C04F79EFBC}") = "Library", "Library\Library.csproj", "{213F8055-52F5-4F1B-B324-CC63A444A950}"
EndProject
Project("{2150E333-8FDC-42A3-9474-1A3956D46DE8}") = "Domain", "Domain", "{E014255D-C44C-40CD-A5C2-775049674AE6}"
EndProject
Project("{FAE04EC0-301F-11D3-BF4B-00C04F79EFBC}") = "DTO", "Werewolves`Area\DTO.csproj", "{C0D0DBAA-00AB-44E1-A4A5-CFE35174810B}"
EndProject
Project("{2150E333-8FDC-42A3-9474-1A3956D46DE8}") = "Werewplves`Area", "Werewplves`Area", "{FB0E715A-6926-45E6-B6DD-18F334A88431}"
EndProject
Project("{FAE04EC0-301F-11D3-BF4B-00C04F79EFBC}") = "Entities", "Entities\Entities.csproj", "{F472B788-4659-4E36-B9C2-C934471ECC80}"
EndProject
Project("{FAE04EC0-301F-11D3-BF4B-00C04F79EFBC}") = "App", "App\App.csproj", "{221C4F6C-4E77-42A0-91AA-538D5F18A5BA}"
EndProject
Global
	GlobalSection(SolutionConfigurationPlatforms) = preSolution
		Debug|Any CPU = Debug|Any CPU
		Release|Any CPU = Release|Any CPU
	EndGlobalSection
	GlobalSection(ProjectConfigurationPlatforms) = postSolution
		{B257433E-8C72-4A5C-81DD-E06A1A13F401}.Debug|Any CPU.ActiveCfg = Debug|Any CPU
		{B257433E-8C72-4A5C-81DD-E06A1A13F401}.Debug|Any CPU.Build.0 = Debug|Any CPU
		{B257433E-8C72-4A5C-81DD-E06A1A13F401}.Release|Any CPU.ActiveCfg = Release|Any CPU
		{B257433E-8C72-4A5C-81DD-E06A1A13F401}.Release|Any CPU.Build.0 = Release|Any CPU
		{213F8055-52F5-4F1B-B324-CC63A444A950}.Debug|Any CPU.ActiveCfg = Debug|Any CPU
		{213F8055-52F5-4F1B-B324-CC63A444A950}.Debug|Any CPU.Build.0 = Debug|Any CPU
		{213F8055-52F5-4F1B-B324-CC63A444A950}.Release|Any CPU.ActiveCfg = Release|Any CPU
		{213F8055-52F5-4F1B-B324-CC63A444A950}.Release|Any CPU.Build.0 = Release|Any CPU
		{C0D0DBAA-00AB-44E1-A4A5-CFE35174810B}.Debug|Any CPU.ActiveCfg = Debug|Any CPU
		{C0D0DBAA-00AB-44E1-A4A5-CFE35174810B}.Debug|Any CPU.Build.0 = Debug|Any CPU
		{C0D0DBAA-00AB-44E1-A4A5-CFE35174810B}.Release|Any CPU.ActiveCfg = Release|Any CPU
		{C0D0DBAA-00AB-44E1-A4A5-CFE35174810B}.Release|Any CPU.Build.0 = Release|Any CPU
		{F472B788-4659-4E36-B9C2-C934471ECC80}.Debug|Any CPU.ActiveCfg = Debug|Any CPU
		{F472B788-4659-4E36-B9C2-C934471ECC80}.Debug|Any CPU.Build.0 = Debug|Any CPU
		{F472B788-4659-4E36-B9C2-C934471ECC80}.Release|Any CPU.ActiveCfg = Release|Any CPU
		{F472B788-4659-4E36-B9C2-C934471ECC80}.Release|Any CPU.Build.0 = Release|Any CPU
		{221C4F6C-4E77-42A0-91AA-538D5F18A5BA}.Debug|Any CPU.ActiveCfg = Debug|Any CPU
		{221C4F6C-4E77-42A0-91AA-538D5F18A5BA}.Debug|Any CPU.Build.0 = Debug|Any CPU
		{221C4F6C-4E77-42A0-91AA-538D5F18A5BA}.Release|Any CPU.ActiveCfg = Release|Any CPU
		{221C4F6C-4E77-42A0-91AA-538D5F18A5BA}.Release|Any CPU.Build.0 = Release|Any CPU
	EndGlobalSection
	GlobalSection(SolutionProperties) = preSolution
		HideSolutionNode = FALSE
	EndGlobalSection
	GlobalSection(NestedProjects) = preSolution
		{B257433E-8C72-4A5C-81DD-E06A1A13F401} = {F06A3AB5-EB07-4F09-8358-DB437B28ACE4}
		{213F8055-52F5-4F1B-B324-CC63A444A950} = {EEF65236-C7BA-486D-9016-1EF11DDB0447}
		{C0D0DBAA-00AB-44E1-A4A5-CFE35174810B} = {FB0E715A-6926-45E6-B6DD-18F334A88431}
		{FB0E715A-6926-45E6-B6DD-18F334A88431} = {E014255D-C44C-40CD-A5C2-775049674AE6}
		{F472B788-4659-4E36-B9C2-C934471ECC80} = {FB0E715A-6926-45E6-B6DD-18F334A88431}
		{221C4F6C-4E77-42A0-91AA-538D5F18A5BA} = {FB0E715A-6926-45E6-B6DD-18F334A88431}
	EndGlobalSection
EndGlobal
=======
﻿
Microsoft Visual Studio Solution File, Format Version 12.00
# Visual Studio 14
VisualStudioVersion = 14.0.25420.1
MinimumVisualStudioVersion = 10.0.40219.1
Project("{2150E333-8FDC-42A3-9474-1A3956D46DE8}") = "Api", "Api", "{F06A3AB5-EB07-4F09-8358-DB437B28ACE4}"
EndProject
Project("{FAE04EC0-301F-11D3-BF4B-00C04F79EFBC}") = "Werewolves", "Werewolves\Werewolves.csproj", "{B257433E-8C72-4A5C-81DD-E06A1A13F401}"
EndProject
Project("{2150E333-8FDC-42A3-9474-1A3956D46DE8}") = "Common", "Common", "{EEF65236-C7BA-486D-9016-1EF11DDB0447}"
EndProject
Project("{FAE04EC0-301F-11D3-BF4B-00C04F79EFBC}") = "Library", "Library\Library.csproj", "{213F8055-52F5-4F1B-B324-CC63A444A950}"
EndProject
Project("{2150E333-8FDC-42A3-9474-1A3956D46DE8}") = "Domain", "Domain", "{E014255D-C44C-40CD-A5C2-775049674AE6}"
EndProject
Project("{FAE04EC0-301F-11D3-BF4B-00C04F79EFBC}") = "DTO", "Werewolves`Area\DTO.csproj", "{C0D0DBAA-00AB-44E1-A4A5-CFE35174810B}"
EndProject
Project("{2150E333-8FDC-42A3-9474-1A3956D46DE8}") = "Werewplves`Area", "Werewplves`Area", "{FB0E715A-6926-45E6-B6DD-18F334A88431}"
EndProject
Project("{FAE04EC0-301F-11D3-BF4B-00C04F79EFBC}") = "Entities", "Entities\Entities.csproj", "{F472B788-4659-4E36-B9C2-C934471ECC80}"
EndProject
Project("{FAE04EC0-301F-11D3-BF4B-00C04F79EFBC}") = "App", "App\App.csproj", "{221C4F6C-4E77-42A0-91AA-538D5F18A5BA}"
EndProject
Global
	GlobalSection(SolutionConfigurationPlatforms) = preSolution
		Debug|Any CPU = Debug|Any CPU
		Release|Any CPU = Release|Any CPU
	EndGlobalSection
	GlobalSection(ProjectConfigurationPlatforms) = postSolution
		{B257433E-8C72-4A5C-81DD-E06A1A13F401}.Debug|Any CPU.ActiveCfg = Debug|Any CPU
		{B257433E-8C72-4A5C-81DD-E06A1A13F401}.Debug|Any CPU.Build.0 = Debug|Any CPU
		{B257433E-8C72-4A5C-81DD-E06A1A13F401}.Release|Any CPU.ActiveCfg = Release|Any CPU
		{B257433E-8C72-4A5C-81DD-E06A1A13F401}.Release|Any CPU.Build.0 = Release|Any CPU
		{213F8055-52F5-4F1B-B324-CC63A444A950}.Debug|Any CPU.ActiveCfg = Debug|Any CPU
		{213F8055-52F5-4F1B-B324-CC63A444A950}.Debug|Any CPU.Build.0 = Debug|Any CPU
		{213F8055-52F5-4F1B-B324-CC63A444A950}.Release|Any CPU.ActiveCfg = Release|Any CPU
		{213F8055-52F5-4F1B-B324-CC63A444A950}.Release|Any CPU.Build.0 = Release|Any CPU
		{C0D0DBAA-00AB-44E1-A4A5-CFE35174810B}.Debug|Any CPU.ActiveCfg = Debug|Any CPU
		{C0D0DBAA-00AB-44E1-A4A5-CFE35174810B}.Debug|Any CPU.Build.0 = Debug|Any CPU
		{C0D0DBAA-00AB-44E1-A4A5-CFE35174810B}.Release|Any CPU.ActiveCfg = Release|Any CPU
		{C0D0DBAA-00AB-44E1-A4A5-CFE35174810B}.Release|Any CPU.Build.0 = Release|Any CPU
		{F472B788-4659-4E36-B9C2-C934471ECC80}.Debug|Any CPU.ActiveCfg = Debug|Any CPU
		{F472B788-4659-4E36-B9C2-C934471ECC80}.Debug|Any CPU.Build.0 = Debug|Any CPU
		{F472B788-4659-4E36-B9C2-C934471ECC80}.Release|Any CPU.ActiveCfg = Release|Any CPU
		{F472B788-4659-4E36-B9C2-C934471ECC80}.Release|Any CPU.Build.0 = Release|Any CPU
		{221C4F6C-4E77-42A0-91AA-538D5F18A5BA}.Debug|Any CPU.ActiveCfg = Debug|Any CPU
		{221C4F6C-4E77-42A0-91AA-538D5F18A5BA}.Debug|Any CPU.Build.0 = Debug|Any CPU
		{221C4F6C-4E77-42A0-91AA-538D5F18A5BA}.Release|Any CPU.ActiveCfg = Release|Any CPU
		{221C4F6C-4E77-42A0-91AA-538D5F18A5BA}.Release|Any CPU.Build.0 = Release|Any CPU
	EndGlobalSection
	GlobalSection(SolutionProperties) = preSolution
		HideSolutionNode = FALSE
	EndGlobalSection
	GlobalSection(NestedProjects) = preSolution
		{B257433E-8C72-4A5C-81DD-E06A1A13F401} = {F06A3AB5-EB07-4F09-8358-DB437B28ACE4}
		{213F8055-52F5-4F1B-B324-CC63A444A950} = {EEF65236-C7BA-486D-9016-1EF11DDB0447}
		{C0D0DBAA-00AB-44E1-A4A5-CFE35174810B} = {FB0E715A-6926-45E6-B6DD-18F334A88431}
		{FB0E715A-6926-45E6-B6DD-18F334A88431} = {E014255D-C44C-40CD-A5C2-775049674AE6}
		{F472B788-4659-4E36-B9C2-C934471ECC80} = {FB0E715A-6926-45E6-B6DD-18F334A88431}
		{221C4F6C-4E77-42A0-91AA-538D5F18A5BA} = {FB0E715A-6926-45E6-B6DD-18F334A88431}
	EndGlobalSection
EndGlobal
>>>>>>> qeqwcsfd
